
Microsoft Visual Studio Solution File, Format Version 12.00
# Visual Studio Version 16
VisualStudioVersion = 16.0.31515.178
MinimumVisualStudioVersion = 10.0.40219.1
Project("{FAE04EC0-301F-11D3-BF4B-00C04F79EFBC}") = "BookStore", "BookStore.csproj", "{A2DAF11A-1668-477B-B74B-790A699FC8CC}"
EndProject
Global
	GlobalSection(SolutionConfigurationPlatforms) = preSolution
		Debug|Any CPU = Debug|Any CPU
		Release|Any CPU = Release|Any CPU
	EndGlobalSection
	GlobalSection(ProjectConfigurationPlatforms) = postSolution
		{A2DAF11A-1668-477B-B74B-790A699FC8CC}.Debug|Any CPU.ActiveCfg = Debug|Any CPU
		{A2DAF11A-1668-477B-B74B-790A699FC8CC}.Debug|Any CPU.Build.0 = Debug|Any CPU
		{A2DAF11A-1668-477B-B74B-790A699FC8CC}.Release|Any CPU.ActiveCfg = Release|Any CPU
		{A2DAF11A-1668-477B-B74B-790A699FC8CC}.Release|Any CPU.Build.0 = Release|Any CPU
	EndGlobalSection
	GlobalSection(SolutionProperties) = preSolution
		HideSolutionNode = FALSE
	EndGlobalSection
	GlobalSection(ExtensibilityGlobals) = postSolution
		SolutionGuid = {8B0CDC67-6807-4394-83B1-78AD099E41EE}
	EndGlobalSection
EndGlobal
